
Microsoft Visual Studio Solution File, Format Version 12.00
# Visual Studio Version 16
VisualStudioVersion = 16.0.29519.181
MinimumVisualStudioVersion = 10.0.40219.1
Project("{9A19103F-16F7-4668-BE54-9A1E7A4F7556}") = "Perun service (WeatherAPI)", "Perun service (WeatherAPI)\Perun service (WeatherAPI).csproj", "{1BE543D6-7C49-466D-AFC6-F379B0F8CFAF}"
EndProject
Global
	GlobalSection(SolutionConfigurationPlatforms) = preSolution
		Debug|Any CPU = Debug|Any CPU
		Release|Any CPU = Release|Any CPU
	EndGlobalSection
	GlobalSection(ProjectConfigurationPlatforms) = postSolution
		{1BE543D6-7C49-466D-AFC6-F379B0F8CFAF}.Debug|Any CPU.ActiveCfg = Debug|Any CPU
		{1BE543D6-7C49-466D-AFC6-F379B0F8CFAF}.Debug|Any CPU.Build.0 = Debug|Any CPU
		{1BE543D6-7C49-466D-AFC6-F379B0F8CFAF}.Release|Any CPU.ActiveCfg = Release|Any CPU
		{1BE543D6-7C49-466D-AFC6-F379B0F8CFAF}.Release|Any CPU.Build.0 = Release|Any CPU
	EndGlobalSection
	GlobalSection(SolutionProperties) = preSolution
		HideSolutionNode = FALSE
	EndGlobalSection
	GlobalSection(ExtensibilityGlobals) = postSolution
		SolutionGuid = {8FC2D2E7-545E-4081-8198-3C2F2181AB3A}
	EndGlobalSection
EndGlobal
