
Microsoft Visual Studio Solution File, Format Version 12.00
# Visual Studio Version 16
VisualStudioVersion = 16.0.29519.181
MinimumVisualStudioVersion = 10.0.40219.1
Project("{9A19103F-16F7-4668-BE54-9A1E7A4F7556}") = "Perun service (WeatherAPI)", "Perun service\Perun service (WeatherAPI).csproj", "{8F7BBDE9-9B88-4AE8-8D47-D11DBDDF2FDB}"
EndProject
Global
	GlobalSection(SolutionConfigurationPlatforms) = preSolution
		Debug|Any CPU = Debug|Any CPU
		Release|Any CPU = Release|Any CPU
	EndGlobalSection
	GlobalSection(ProjectConfigurationPlatforms) = postSolution
		{8F7BBDE9-9B88-4AE8-8D47-D11DBDDF2FDB}.Debug|Any CPU.ActiveCfg = Debug|Any CPU
		{8F7BBDE9-9B88-4AE8-8D47-D11DBDDF2FDB}.Debug|Any CPU.Build.0 = Debug|Any CPU
		{8F7BBDE9-9B88-4AE8-8D47-D11DBDDF2FDB}.Release|Any CPU.ActiveCfg = Release|Any CPU
		{8F7BBDE9-9B88-4AE8-8D47-D11DBDDF2FDB}.Release|Any CPU.Build.0 = Release|Any CPU
	EndGlobalSection
	GlobalSection(SolutionProperties) = preSolution
		HideSolutionNode = FALSE
	EndGlobalSection
	GlobalSection(ExtensibilityGlobals) = postSolution
		SolutionGuid = {8FC2D2E7-545E-4081-8198-3C2F2181AB3A}
	EndGlobalSection
EndGlobal
